// !$*UTF8*$!
{
	archiveVersion = 1;
	classes = {
	};
	objectVersion = 46;
	objects = {

/* Begin PBXBuildFile section */
		469B0B071752F17300A2F6C2 /* SMXMLDocument.m in Sources */ = {isa = PBXBuildFile; fileRef = 469B0B041752E60300A2F6C2 /* SMXMLDocument.m */; };
		469BDB6E1758302800ABCF38 /* CoreLocation.framework in Frameworks */ = {isa = PBXBuildFile; fileRef = 469BDB6D1758302800ABCF38 /* CoreLocation.framework */; };
		469BDB701758304200ABCF38 /* AddressBook.framework in Frameworks */ = {isa = PBXBuildFile; fileRef = 469BDB6F1758304200ABCF38 /* AddressBook.framework */; };
		469BDB741758588C00ABCF38 /* WinterKMapViewController.m in Sources */ = {isa = PBXBuildFile; fileRef = 469BDB721758588C00ABCF38 /* WinterKMapViewController.m */; };
		469BDB751758588C00ABCF38 /* WinterKMapViewController.xib in Resources */ = {isa = PBXBuildFile; fileRef = 469BDB731758588C00ABCF38 /* WinterKMapViewController.xib */; };
		469BDB7717585A3F00ABCF38 /* 103-map.png in Resources */ = {isa = PBXBuildFile; fileRef = 469BDB7617585A3F00ABCF38 /* 103-map.png */; };
		469BDB7A17585AE000ABCF38 /* WinterKSharedDataModel.m in Sources */ = {isa = PBXBuildFile; fileRef = 469BDB7917585AE000ABCF38 /* WinterKSharedDataModel.m */; };
		469BDB7C17585F4700ABCF38 /* MapKit.framework in Frameworks */ = {isa = PBXBuildFile; fileRef = 469BDB7B17585F4700ABCF38 /* MapKit.framework */; };
		469EBB5517597E9D00A6BB19 /* GoogleMaps.framework in Frameworks */ = {isa = PBXBuildFile; fileRef = 469EBB5417597E9D00A6BB19 /* GoogleMaps.framework */; };
		469EBB5717597F1700A6BB19 /* GoogleMaps.bundle in Resources */ = {isa = PBXBuildFile; fileRef = 469EBB5617597F1700A6BB19 /* GoogleMaps.bundle */; };
		469EBB5917597F4F00A6BB19 /* CoreData.framework in Frameworks */ = {isa = PBXBuildFile; fileRef = 469EBB5817597F4E00A6BB19 /* CoreData.framework */; };
		469EBB5B17597F5900A6BB19 /* AVFoundation.framework in Frameworks */ = {isa = PBXBuildFile; fileRef = 469EBB5A17597F5900A6BB19 /* AVFoundation.framework */; };
		469EBB5D17597F6A00A6BB19 /* CoreText.framework in Frameworks */ = {isa = PBXBuildFile; fileRef = 469EBB5C17597F6A00A6BB19 /* CoreText.framework */; };
		469EBB5F17597F7100A6BB19 /* GLKit.framework in Frameworks */ = {isa = PBXBuildFile; fileRef = 469EBB5E17597F7100A6BB19 /* GLKit.framework */; };
		469EBB6117597F8000A6BB19 /* ImageIO.framework in Frameworks */ = {isa = PBXBuildFile; fileRef = 469EBB6017597F8000A6BB19 /* ImageIO.framework */; };
		469EBB6317597F9A00A6BB19 /* libc++.dylib in Frameworks */ = {isa = PBXBuildFile; fileRef = 469EBB6217597F9A00A6BB19 /* libc++.dylib */; };
		469EBB6517597FBE00A6BB19 /* libicucore.dylib in Frameworks */ = {isa = PBXBuildFile; fileRef = 469EBB6417597FBE00A6BB19 /* libicucore.dylib */; };
		469EBB6717597FD100A6BB19 /* libz.dylib in Frameworks */ = {isa = PBXBuildFile; fileRef = 469EBB6617597FD100A6BB19 /* libz.dylib */; };
		469EBB6917597FD900A6BB19 /* OpenGLES.framework in Frameworks */ = {isa = PBXBuildFile; fileRef = 469EBB6817597FD900A6BB19 /* OpenGLES.framework */; };
		469EBB6B17597FE600A6BB19 /* QuartzCore.framework in Frameworks */ = {isa = PBXBuildFile; fileRef = 469EBB6A17597FE600A6BB19 /* QuartzCore.framework */; };
		469EBB6D17597FEC00A6BB19 /* SystemConfiguration.framework in Frameworks */ = {isa = PBXBuildFile; fileRef = 469EBB6C17597FEC00A6BB19 /* SystemConfiguration.framework */; };
		46AA1DFB175110A5003F60C5 /* UIKit.framework in Frameworks */ = {isa = PBXBuildFile; fileRef = 46AA1DFA175110A5003F60C5 /* UIKit.framework */; };
		46AA1DFD175110A5003F60C5 /* Foundation.framework in Frameworks */ = {isa = PBXBuildFile; fileRef = 46AA1DFC175110A5003F60C5 /* Foundation.framework */; };
		46AA1DFF175110A5003F60C5 /* CoreGraphics.framework in Frameworks */ = {isa = PBXBuildFile; fileRef = 46AA1DFE175110A5003F60C5 /* CoreGraphics.framework */; };
		46AA1E05175110A5003F60C5 /* InfoPlist.strings in Resources */ = {isa = PBXBuildFile; fileRef = 46AA1E03175110A5003F60C5 /* InfoPlist.strings */; };
		46AA1E07175110A6003F60C5 /* main.m in Sources */ = {isa = PBXBuildFile; fileRef = 46AA1E06175110A6003F60C5 /* main.m */; };
		46AA1E0B175110A6003F60C5 /* WinterKAppDelegate.m in Sources */ = {isa = PBXBuildFile; fileRef = 46AA1E0A175110A6003F60C5 /* WinterKAppDelegate.m */; };
		46AA1E0D175110A6003F60C5 /* Default.png in Resources */ = {isa = PBXBuildFile; fileRef = 46AA1E0C175110A6003F60C5 /* Default.png */; };
		46AA1E0F175110A6003F60C5 /* Default@2x.png in Resources */ = {isa = PBXBuildFile; fileRef = 46AA1E0E175110A6003F60C5 /* Default@2x.png */; };
		46AA1E11175110A6003F60C5 /* Default-568h@2x.png in Resources */ = {isa = PBXBuildFile; fileRef = 46AA1E10175110A6003F60C5 /* Default-568h@2x.png */; };
		46AA1E14175110A6003F60C5 /* WinterKFirstViewController.m in Sources */ = {isa = PBXBuildFile; fileRef = 46AA1E13175110A6003F60C5 /* WinterKFirstViewController.m */; };
		46AA1E1B175110A6003F60C5 /* WinterKSecondViewController.m in Sources */ = {isa = PBXBuildFile; fileRef = 46AA1E1A175110A6003F60C5 /* WinterKSecondViewController.m */; };
		46AA1E1D175110A6003F60C5 /* second.png in Resources */ = {isa = PBXBuildFile; fileRef = 46AA1E1C175110A6003F60C5 /* second.png */; };
		46AA1E1F175110A6003F60C5 /* second@2x.png in Resources */ = {isa = PBXBuildFile; fileRef = 46AA1E1E175110A6003F60C5 /* second@2x.png */; };
		46AA1E22175110A6003F60C5 /* WinterKFirstViewController.xib in Resources */ = {isa = PBXBuildFile; fileRef = 46AA1E20175110A6003F60C5 /* WinterKFirstViewController.xib */; };
		46AA1E25175110A6003F60C5 /* WinterKSecondViewController.xib in Resources */ = {isa = PBXBuildFile; fileRef = 46AA1E23175110A6003F60C5 /* WinterKSecondViewController.xib */; };
		46AA1E2C17511E9A003F60C5 /* icon_dropdown.png in Resources */ = {isa = PBXBuildFile; fileRef = 46AA1E2B17511E9A003F60C5 /* icon_dropdown.png */; };
		46AA1E3217516829003F60C5 /* 116-controller.png in Resources */ = {isa = PBXBuildFile; fileRef = 46AA1E3117516829003F60C5 /* 116-controller.png */; };
		46AA1E3417516879003F60C5 /* 19-gear.png in Resources */ = {isa = PBXBuildFile; fileRef = 46AA1E3317516879003F60C5 /* 19-gear.png */; };
/* End PBXBuildFile section */

/* Begin PBXFileReference section */
		469B0B031752E60300A2F6C2 /* SMXMLDocument.h */ = {isa = PBXFileReference; lastKnownFileType = sourcecode.c.h; path = SMXMLDocument.h; sourceTree = "<group>"; };
		469B0B041752E60300A2F6C2 /* SMXMLDocument.m */ = {isa = PBXFileReference; lastKnownFileType = sourcecode.c.objc; path = SMXMLDocument.m; sourceTree = "<group>"; };
		469BDB6D1758302800ABCF38 /* CoreLocation.framework */ = {isa = PBXFileReference; lastKnownFileType = wrapper.framework; name = CoreLocation.framework; path = System/Library/Frameworks/CoreLocation.framework; sourceTree = SDKROOT; };
		469BDB6F1758304200ABCF38 /* AddressBook.framework */ = {isa = PBXFileReference; lastKnownFileType = wrapper.framework; name = AddressBook.framework; path = System/Library/Frameworks/AddressBook.framework; sourceTree = SDKROOT; };
		469BDB711758588C00ABCF38 /* WinterKMapViewController.h */ = {isa = PBXFileReference; fileEncoding = 4; lastKnownFileType = sourcecode.c.h; path = WinterKMapViewController.h; sourceTree = "<group>"; };
		469BDB721758588C00ABCF38 /* WinterKMapViewController.m */ = {isa = PBXFileReference; fileEncoding = 4; lastKnownFileType = sourcecode.c.objc; path = WinterKMapViewController.m; sourceTree = "<group>"; };
		469BDB731758588C00ABCF38 /* WinterKMapViewController.xib */ = {isa = PBXFileReference; fileEncoding = 4; lastKnownFileType = file.xib; path = WinterKMapViewController.xib; sourceTree = "<group>"; };
		469BDB7617585A3F00ABCF38 /* 103-map.png */ = {isa = PBXFileReference; lastKnownFileType = image.png; path = "103-map.png"; sourceTree = "<group>"; };
		469BDB7817585AE000ABCF38 /* WinterKSharedDataModel.h */ = {isa = PBXFileReference; fileEncoding = 4; lastKnownFileType = sourcecode.c.h; path = WinterKSharedDataModel.h; sourceTree = "<group>"; };
		469BDB7917585AE000ABCF38 /* WinterKSharedDataModel.m */ = {isa = PBXFileReference; fileEncoding = 4; lastKnownFileType = sourcecode.c.objc; path = WinterKSharedDataModel.m; sourceTree = "<group>"; };
		469BDB7B17585F4700ABCF38 /* MapKit.framework */ = {isa = PBXFileReference; lastKnownFileType = wrapper.framework; name = MapKit.framework; path = System/Library/Frameworks/MapKit.framework; sourceTree = SDKROOT; };
		469EBB5417597E9D00A6BB19 /* GoogleMaps.framework */ = {isa = PBXFileReference; lastKnownFileType = wrapper.framework; path = GoogleMaps.framework; sourceTree = "<group>"; };
		469EBB5617597F1700A6BB19 /* GoogleMaps.bundle */ = {isa = PBXFileReference; lastKnownFileType = "wrapper.plug-in"; name = GoogleMaps.bundle; path = GoogleMaps.framework/Versions/A/Resources/GoogleMaps.bundle; sourceTree = "<group>"; };
		469EBB5817597F4E00A6BB19 /* CoreData.framework */ = {isa = PBXFileReference; lastKnownFileType = wrapper.framework; name = CoreData.framework; path = System/Library/Frameworks/CoreData.framework; sourceTree = SDKROOT; };
		469EBB5A17597F5900A6BB19 /* AVFoundation.framework */ = {isa = PBXFileReference; lastKnownFileType = wrapper.framework; name = AVFoundation.framework; path = System/Library/Frameworks/AVFoundation.framework; sourceTree = SDKROOT; };
		469EBB5C17597F6A00A6BB19 /* CoreText.framework */ = {isa = PBXFileReference; lastKnownFileType = wrapper.framework; name = CoreText.framework; path = System/Library/Frameworks/CoreText.framework; sourceTree = SDKROOT; };
		469EBB5E17597F7100A6BB19 /* GLKit.framework */ = {isa = PBXFileReference; lastKnownFileType = wrapper.framework; name = GLKit.framework; path = System/Library/Frameworks/GLKit.framework; sourceTree = SDKROOT; };
		469EBB6017597F8000A6BB19 /* ImageIO.framework */ = {isa = PBXFileReference; lastKnownFileType = wrapper.framework; name = ImageIO.framework; path = System/Library/Frameworks/ImageIO.framework; sourceTree = SDKROOT; };
		469EBB6217597F9A00A6BB19 /* libc++.dylib */ = {isa = PBXFileReference; lastKnownFileType = "compiled.mach-o.dylib"; name = "libc++.dylib"; path = "usr/lib/libc++.dylib"; sourceTree = SDKROOT; };
		469EBB6417597FBE00A6BB19 /* libicucore.dylib */ = {isa = PBXFileReference; lastKnownFileType = "compiled.mach-o.dylib"; name = libicucore.dylib; path = usr/lib/libicucore.dylib; sourceTree = SDKROOT; };
		469EBB6617597FD100A6BB19 /* libz.dylib */ = {isa = PBXFileReference; lastKnownFileType = "compiled.mach-o.dylib"; name = libz.dylib; path = usr/lib/libz.dylib; sourceTree = SDKROOT; };
		469EBB6817597FD900A6BB19 /* OpenGLES.framework */ = {isa = PBXFileReference; lastKnownFileType = wrapper.framework; name = OpenGLES.framework; path = System/Library/Frameworks/OpenGLES.framework; sourceTree = SDKROOT; };
		469EBB6A17597FE600A6BB19 /* QuartzCore.framework */ = {isa = PBXFileReference; lastKnownFileType = wrapper.framework; name = QuartzCore.framework; path = System/Library/Frameworks/QuartzCore.framework; sourceTree = SDKROOT; };
		469EBB6C17597FEC00A6BB19 /* SystemConfiguration.framework */ = {isa = PBXFileReference; lastKnownFileType = wrapper.framework; name = SystemConfiguration.framework; path = System/Library/Frameworks/SystemConfiguration.framework; sourceTree = SDKROOT; };
		46AA1DF7175110A5003F60C5 /* WinterKFinalProject.app */ = {isa = PBXFileReference; explicitFileType = wrapper.application; includeInIndex = 0; path = WinterKFinalProject.app; sourceTree = BUILT_PRODUCTS_DIR; };
		46AA1DFA175110A5003F60C5 /* UIKit.framework */ = {isa = PBXFileReference; lastKnownFileType = wrapper.framework; name = UIKit.framework; path = System/Library/Frameworks/UIKit.framework; sourceTree = SDKROOT; };
		46AA1DFC175110A5003F60C5 /* Foundation.framework */ = {isa = PBXFileReference; lastKnownFileType = wrapper.framework; name = Foundation.framework; path = System/Library/Frameworks/Foundation.framework; sourceTree = SDKROOT; };
		46AA1DFE175110A5003F60C5 /* CoreGraphics.framework */ = {isa = PBXFileReference; lastKnownFileType = wrapper.framework; name = CoreGraphics.framework; path = System/Library/Frameworks/CoreGraphics.framework; sourceTree = SDKROOT; };
		46AA1E02175110A5003F60C5 /* WinterKFinalProject-Info.plist */ = {isa = PBXFileReference; lastKnownFileType = text.plist.xml; path = "WinterKFinalProject-Info.plist"; sourceTree = "<group>"; };
		46AA1E04175110A5003F60C5 /* en */ = {isa = PBXFileReference; lastKnownFileType = text.plist.strings; name = en; path = en.lproj/InfoPlist.strings; sourceTree = "<group>"; };
		46AA1E06175110A6003F60C5 /* main.m */ = {isa = PBXFileReference; lastKnownFileType = sourcecode.c.objc; path = main.m; sourceTree = "<group>"; };
		46AA1E08175110A6003F60C5 /* WinterKFinalProject-Prefix.pch */ = {isa = PBXFileReference; lastKnownFileType = sourcecode.c.h; path = "WinterKFinalProject-Prefix.pch"; sourceTree = "<group>"; };
		46AA1E09175110A6003F60C5 /* WinterKAppDelegate.h */ = {isa = PBXFileReference; lastKnownFileType = sourcecode.c.h; path = WinterKAppDelegate.h; sourceTree = "<group>"; };
		46AA1E0A175110A6003F60C5 /* WinterKAppDelegate.m */ = {isa = PBXFileReference; lastKnownFileType = sourcecode.c.objc; path = WinterKAppDelegate.m; sourceTree = "<group>"; };
		46AA1E0C175110A6003F60C5 /* Default.png */ = {isa = PBXFileReference; lastKnownFileType = image.png; path = Default.png; sourceTree = "<group>"; };
		46AA1E0E175110A6003F60C5 /* Default@2x.png */ = {isa = PBXFileReference; lastKnownFileType = image.png; path = "Default@2x.png"; sourceTree = "<group>"; };
		46AA1E10175110A6003F60C5 /* Default-568h@2x.png */ = {isa = PBXFileReference; lastKnownFileType = image.png; path = "Default-568h@2x.png"; sourceTree = "<group>"; };
		46AA1E12175110A6003F60C5 /* WinterKFirstViewController.h */ = {isa = PBXFileReference; lastKnownFileType = sourcecode.c.h; path = WinterKFirstViewController.h; sourceTree = "<group>"; };
		46AA1E13175110A6003F60C5 /* WinterKFirstViewController.m */ = {isa = PBXFileReference; lastKnownFileType = sourcecode.c.objc; path = WinterKFirstViewController.m; sourceTree = "<group>"; };
		46AA1E19175110A6003F60C5 /* WinterKSecondViewController.h */ = {isa = PBXFileReference; lastKnownFileType = sourcecode.c.h; path = WinterKSecondViewController.h; sourceTree = "<group>"; };
		46AA1E1A175110A6003F60C5 /* WinterKSecondViewController.m */ = {isa = PBXFileReference; lastKnownFileType = sourcecode.c.objc; path = WinterKSecondViewController.m; sourceTree = "<group>"; };
		46AA1E1C175110A6003F60C5 /* second.png */ = {isa = PBXFileReference; lastKnownFileType = image.png; path = second.png; sourceTree = "<group>"; };
		46AA1E1E175110A6003F60C5 /* second@2x.png */ = {isa = PBXFileReference; lastKnownFileType = image.png; path = "second@2x.png"; sourceTree = "<group>"; };
		46AA1E21175110A6003F60C5 /* en */ = {isa = PBXFileReference; lastKnownFileType = file.xib; name = en; path = en.lproj/WinterKFirstViewController.xib; sourceTree = "<group>"; };
		46AA1E24175110A6003F60C5 /* en */ = {isa = PBXFileReference; lastKnownFileType = file.xib; name = en; path = en.lproj/WinterKSecondViewController.xib; sourceTree = "<group>"; };
		46AA1E2B17511E9A003F60C5 /* icon_dropdown.png */ = {isa = PBXFileReference; lastKnownFileType = image.png; path = icon_dropdown.png; sourceTree = "<group>"; };
		46AA1E3117516829003F60C5 /* 116-controller.png */ = {isa = PBXFileReference; lastKnownFileType = image.png; path = "116-controller.png"; sourceTree = "<group>"; };
		46AA1E3317516879003F60C5 /* 19-gear.png */ = {isa = PBXFileReference; lastKnownFileType = image.png; path = "19-gear.png"; sourceTree = "<group>"; };
/* End PBXFileReference section */

/* Begin PBXFrameworksBuildPhase section */
		46AA1DF4175110A5003F60C5 /* Frameworks */ = {
			isa = PBXFrameworksBuildPhase;
			buildActionMask = 2147483647;
			files = (
				469EBB6D17597FEC00A6BB19 /* SystemConfiguration.framework in Frameworks */,
				469EBB6B17597FE600A6BB19 /* QuartzCore.framework in Frameworks */,
				469EBB6917597FD900A6BB19 /* OpenGLES.framework in Frameworks */,
				469EBB6717597FD100A6BB19 /* libz.dylib in Frameworks */,
				469EBB6517597FBE00A6BB19 /* libicucore.dylib in Frameworks */,
				469EBB6317597F9A00A6BB19 /* libc++.dylib in Frameworks */,
				469EBB6117597F8000A6BB19 /* ImageIO.framework in Frameworks */,
				469EBB5F17597F7100A6BB19 /* GLKit.framework in Frameworks */,
				469EBB5D17597F6A00A6BB19 /* CoreText.framework in Frameworks */,
				469EBB5B17597F5900A6BB19 /* AVFoundation.framework in Frameworks */,
				469EBB5917597F4F00A6BB19 /* CoreData.framework in Frameworks */,
				469BDB7C17585F4700ABCF38 /* MapKit.framework in Frameworks */,
				469BDB701758304200ABCF38 /* AddressBook.framework in Frameworks */,
				469BDB6E1758302800ABCF38 /* CoreLocation.framework in Frameworks */,
				46AA1DFB175110A5003F60C5 /* UIKit.framework in Frameworks */,
				46AA1DFD175110A5003F60C5 /* Foundation.framework in Frameworks */,
				46AA1DFF175110A5003F60C5 /* CoreGraphics.framework in Frameworks */,
				469EBB5517597E9D00A6BB19 /* GoogleMaps.framework in Frameworks */,
			);
			runOnlyForDeploymentPostprocessing = 0;
		};
/* End PBXFrameworksBuildPhase section */

/* Begin PBXGroup section */
		46AA1DEE175110A5003F60C5 = {
			isa = PBXGroup;
			children = (
				469EBB6C17597FEC00A6BB19 /* SystemConfiguration.framework */,
				469EBB6A17597FE600A6BB19 /* QuartzCore.framework */,
				469EBB6817597FD900A6BB19 /* OpenGLES.framework */,
				469EBB6617597FD100A6BB19 /* libz.dylib */,
				469EBB6417597FBE00A6BB19 /* libicucore.dylib */,
				469EBB6217597F9A00A6BB19 /* libc++.dylib */,
				469EBB6017597F8000A6BB19 /* ImageIO.framework */,
				469EBB5E17597F7100A6BB19 /* GLKit.framework */,
				469EBB5C17597F6A00A6BB19 /* CoreText.framework */,
				469EBB5A17597F5900A6BB19 /* AVFoundation.framework */,
				469EBB5817597F4E00A6BB19 /* CoreData.framework */,
				469BDB7B17585F4700ABCF38 /* MapKit.framework */,
				469BDB6F1758304200ABCF38 /* AddressBook.framework */,
				469BDB6D1758302800ABCF38 /* CoreLocation.framework */,
				46AA1E00175110A5003F60C5 /* WinterKFinalProject */,
				46AA1DF9175110A5003F60C5 /* Frameworks */,
				46AA1DF8175110A5003F60C5 /* Products */,
			);
			sourceTree = "<group>";
		};
		46AA1DF8175110A5003F60C5 /* Products */ = {
			isa = PBXGroup;
			children = (
				46AA1DF7175110A5003F60C5 /* WinterKFinalProject.app */,
			);
			name = Products;
			sourceTree = "<group>";
		};
		46AA1DF9175110A5003F60C5 /* Frameworks */ = {
			isa = PBXGroup;
			children = (
				469EBB5617597F1700A6BB19 /* GoogleMaps.bundle */,
				469EBB5417597E9D00A6BB19 /* GoogleMaps.framework */,
				46AA1DFA175110A5003F60C5 /* UIKit.framework */,
				46AA1DFC175110A5003F60C5 /* Foundation.framework */,
				46AA1DFE175110A5003F60C5 /* CoreGraphics.framework */,
			);
			name = Frameworks;
			sourceTree = "<group>";
		};
		46AA1E00175110A5003F60C5 /* WinterKFinalProject */ = {
			isa = PBXGroup;
			children = (
				46AA1E09175110A6003F60C5 /* WinterKAppDelegate.h */,
				46AA1E0A175110A6003F60C5 /* WinterKAppDelegate.m */,
				46AA1E12175110A6003F60C5 /* WinterKFirstViewController.h */,
				46AA1E13175110A6003F60C5 /* WinterKFirstViewController.m */,
				46AA1E19175110A6003F60C5 /* WinterKSecondViewController.h */,
				469B0B031752E60300A2F6C2 /* SMXMLDocument.h */,
				469B0B041752E60300A2F6C2 /* SMXMLDocument.m */,
				46AA1E1A175110A6003F60C5 /* WinterKSecondViewController.m */,
				46AA1E1C175110A6003F60C5 /* second.png */,
				46AA1E1E175110A6003F60C5 /* second@2x.png */,
				46AA1E20175110A6003F60C5 /* WinterKFirstViewController.xib */,
				46AA1E23175110A6003F60C5 /* WinterKSecondViewController.xib */,
				46AA1E01175110A5003F60C5 /* Supporting Files */,
				469BDB711758588C00ABCF38 /* WinterKMapViewController.h */,
				469BDB721758588C00ABCF38 /* WinterKMapViewController.m */,
				469BDB731758588C00ABCF38 /* WinterKMapViewController.xib */,
				469BDB7817585AE000ABCF38 /* WinterKSharedDataModel.h */,
				469BDB7917585AE000ABCF38 /* WinterKSharedDataModel.m */,
			);
			path = WinterKFinalProject;
			sourceTree = "<group>";
		};
		46AA1E01175110A5003F60C5 /* Supporting Files */ = {
			isa = PBXGroup;
			children = (
				46AA1E02175110A5003F60C5 /* WinterKFinalProject-Info.plist */,
				46AA1E03175110A5003F60C5 /* InfoPlist.strings */,
				469BDB7617585A3F00ABCF38 /* 103-map.png */,
				46AA1E3117516829003F60C5 /* 116-controller.png */,
				46AA1E2B17511E9A003F60C5 /* icon_dropdown.png */,
				46AA1E3317516879003F60C5 /* 19-gear.png */,
				46AA1E06175110A6003F60C5 /* main.m */,
				46AA1E08175110A6003F60C5 /* WinterKFinalProject-Prefix.pch */,
				46AA1E0C175110A6003F60C5 /* Default.png */,
				46AA1E0E175110A6003F60C5 /* Default@2x.png */,
				46AA1E10175110A6003F60C5 /* Default-568h@2x.png */,
			);
			name = "Supporting Files";
			sourceTree = "<group>";
		};
/* End PBXGroup section */

/* Begin PBXNativeTarget section */
		46AA1DF6175110A5003F60C5 /* WinterKFinalProject */ = {
			isa = PBXNativeTarget;
			buildConfigurationList = 46AA1E28175110A6003F60C5 /* Build configuration list for PBXNativeTarget "WinterKFinalProject" */;
			buildPhases = (
				46AA1DF3175110A5003F60C5 /* Sources */,
				46AA1DF4175110A5003F60C5 /* Frameworks */,
				46AA1DF5175110A5003F60C5 /* Resources */,
			);
			buildRules = (
			);
			dependencies = (
			);
			name = WinterKFinalProject;
			productName = WinterKFinalProject;
			productReference = 46AA1DF7175110A5003F60C5 /* WinterKFinalProject.app */;
			productType = "com.apple.product-type.application";
		};
/* End PBXNativeTarget section */

/* Begin PBXProject section */
		46AA1DEF175110A5003F60C5 /* Project object */ = {
			isa = PBXProject;
			attributes = {
				CLASSPREFIX = WinterK;
				LastUpgradeCheck = 0460;
				ORGANIZATIONNAME = "Kat Winter";
			};
			buildConfigurationList = 46AA1DF2175110A5003F60C5 /* Build configuration list for PBXProject "WinterKFinalProject" */;
			compatibilityVersion = "Xcode 3.2";
			developmentRegion = English;
			hasScannedForEncodings = 0;
			knownRegions = (
				en,
			);
			mainGroup = 46AA1DEE175110A5003F60C5;
			productRefGroup = 46AA1DF8175110A5003F60C5 /* Products */;
			projectDirPath = "";
			projectRoot = "";
			targets = (
				46AA1DF6175110A5003F60C5 /* WinterKFinalProject */,
			);
		};
/* End PBXProject section */

/* Begin PBXResourcesBuildPhase section */
		46AA1DF5175110A5003F60C5 /* Resources */ = {
			isa = PBXResourcesBuildPhase;
			buildActionMask = 2147483647;
			files = (
				46AA1E05175110A5003F60C5 /* InfoPlist.strings in Resources */,
				46AA1E0D175110A6003F60C5 /* Default.png in Resources */,
				46AA1E0F175110A6003F60C5 /* Default@2x.png in Resources */,
				46AA1E11175110A6003F60C5 /* Default-568h@2x.png in Resources */,
				46AA1E1D175110A6003F60C5 /* second.png in Resources */,
				46AA1E1F175110A6003F60C5 /* second@2x.png in Resources */,
				46AA1E22175110A6003F60C5 /* WinterKFirstViewController.xib in Resources */,
				46AA1E25175110A6003F60C5 /* WinterKSecondViewController.xib in Resources */,
				46AA1E2C17511E9A003F60C5 /* icon_dropdown.png in Resources */,
				46AA1E3217516829003F60C5 /* 116-controller.png in Resources */,
				46AA1E3417516879003F60C5 /* 19-gear.png in Resources */,
				469BDB751758588C00ABCF38 /* WinterKMapViewController.xib in Resources */,
				469BDB7717585A3F00ABCF38 /* 103-map.png in Resources */,
				469EBB5717597F1700A6BB19 /* GoogleMaps.bundle in Resources */,
			);
			runOnlyForDeploymentPostprocessing = 0;
		};
/* End PBXResourcesBuildPhase section */

/* Begin PBXSourcesBuildPhase section */
		46AA1DF3175110A5003F60C5 /* Sources */ = {
			isa = PBXSourcesBuildPhase;
			buildActionMask = 2147483647;
			files = (
				46AA1E07175110A6003F60C5 /* main.m in Sources */,
				46AA1E0B175110A6003F60C5 /* WinterKAppDelegate.m in Sources */,
				46AA1E14175110A6003F60C5 /* WinterKFirstViewController.m in Sources */,
				46AA1E1B175110A6003F60C5 /* WinterKSecondViewController.m in Sources */,
				469B0B071752F17300A2F6C2 /* SMXMLDocument.m in Sources */,
				469BDB741758588C00ABCF38 /* WinterKMapViewController.m in Sources */,
				469BDB7A17585AE000ABCF38 /* WinterKSharedDataModel.m in Sources */,
			);
			runOnlyForDeploymentPostprocessing = 0;
		};
/* End PBXSourcesBuildPhase section */

/* Begin PBXVariantGroup section */
		46AA1E03175110A5003F60C5 /* InfoPlist.strings */ = {
			isa = PBXVariantGroup;
			children = (
				46AA1E04175110A5003F60C5 /* en */,
			);
			name = InfoPlist.strings;
			sourceTree = "<group>";
		};
		46AA1E20175110A6003F60C5 /* WinterKFirstViewController.xib */ = {
			isa = PBXVariantGroup;
			children = (
				46AA1E21175110A6003F60C5 /* en */,
			);
			name = WinterKFirstViewController.xib;
			sourceTree = "<group>";
		};
		46AA1E23175110A6003F60C5 /* WinterKSecondViewController.xib */ = {
			isa = PBXVariantGroup;
			children = (
				46AA1E24175110A6003F60C5 /* en */,
			);
			name = WinterKSecondViewController.xib;
			sourceTree = "<group>";
		};
/* End PBXVariantGroup section */

/* Begin XCBuildConfiguration section */
		46AA1E26175110A6003F60C5 /* Debug */ = {
			isa = XCBuildConfiguration;
			buildSettings = {
				ALWAYS_SEARCH_USER_PATHS = NO;
				ARCHS = armv7;
				CLANG_CXX_LANGUAGE_STANDARD = "gnu++0x";
				CLANG_CXX_LIBRARY = "libc++";
				CLANG_ENABLE_OBJC_ARC = YES;
				CLANG_WARN_CONSTANT_CONVERSION = YES;
				CLANG_WARN_EMPTY_BODY = YES;
				CLANG_WARN_ENUM_CONVERSION = YES;
				CLANG_WARN_INT_CONVERSION = YES;
				CLANG_WARN__DUPLICATE_METHOD_MATCH = YES;
				"CODE_SIGN_IDENTITY[sdk=iphoneos*]" = "iPhone Developer";
				COPY_PHASE_STRIP = NO;
				GCC_C_LANGUAGE_STANDARD = gnu99;
				GCC_DYNAMIC_NO_PIC = NO;
				GCC_OPTIMIZATION_LEVEL = 0;
				GCC_PREPROCESSOR_DEFINITIONS = (
					"DEBUG=1",
					"$(inherited)",
				);
				GCC_SYMBOLS_PRIVATE_EXTERN = NO;
				GCC_WARN_ABOUT_RETURN_TYPE = YES;
				GCC_WARN_UNINITIALIZED_AUTOS = YES;
				GCC_WARN_UNUSED_VARIABLE = YES;
				IPHONEOS_DEPLOYMENT_TARGET = 6.1;
				ONLY_ACTIVE_ARCH = YES;
				OTHER_LDFLAGS = "-ObjC";
				SDKROOT = iphoneos;
			};
			name = Debug;
		};
		46AA1E27175110A6003F60C5 /* Release */ = {
			isa = XCBuildConfiguration;
			buildSettings = {
				ALWAYS_SEARCH_USER_PATHS = NO;
				ARCHS = armv7;
				CLANG_CXX_LANGUAGE_STANDARD = "gnu++0x";
				CLANG_CXX_LIBRARY = "libc++";
				CLANG_ENABLE_OBJC_ARC = YES;
				CLANG_WARN_CONSTANT_CONVERSION = YES;
				CLANG_WARN_EMPTY_BODY = YES;
				CLANG_WARN_ENUM_CONVERSION = YES;
				CLANG_WARN_INT_CONVERSION = YES;
				CLANG_WARN__DUPLICATE_METHOD_MATCH = YES;
				"CODE_SIGN_IDENTITY[sdk=iphoneos*]" = "iPhone Developer";
				COPY_PHASE_STRIP = YES;
				GCC_C_LANGUAGE_STANDARD = gnu99;
				GCC_WARN_ABOUT_RETURN_TYPE = YES;
				GCC_WARN_UNINITIALIZED_AUTOS = YES;
				GCC_WARN_UNUSED_VARIABLE = YES;
				IPHONEOS_DEPLOYMENT_TARGET = 6.1;
				ONLY_ACTIVE_ARCH = YES;
				OTHER_CFLAGS = "-DNS_BLOCK_ASSERTIONS=1";
				OTHER_LDFLAGS = "-ObjC";
				SDKROOT = iphoneos;
				VALIDATE_PRODUCT = YES;
			};
			name = Release;
		};
		46AA1E29175110A6003F60C5 /* Debug */ = {
			isa = XCBuildConfiguration;
			buildSettings = {
				FRAMEWORK_SEARCH_PATHS = (
					"$(inherited)",
					"\"$(SRCROOT)\"",
				);
				GCC_PRECOMPILE_PREFIX_HEADER = YES;
				GCC_PREFIX_HEADER = "WinterKFinalProject/WinterKFinalProject-Prefix.pch";
				INFOPLIST_FILE = "WinterKFinalProject/WinterKFinalProject-Info.plist";
				PODS_BUILD_HEADERS_SEARCH_PATHS = "";
				PODS_HEADERS_SEARCH_PATHS = "";
				PODS_PUBLIC_HEADERS_SEARCH_PATHS = "";
				PODS_ROOT = "";
				PRODUCT_NAME = "$(TARGET_NAME)";
				WRAPPER_EXTENSION = app;
			};
			name = Debug;
		};
		46AA1E2A175110A6003F60C5 /* Release */ = {
			isa = XCBuildConfiguration;
			buildSettings = {
				FRAMEWORK_SEARCH_PATHS = (
					"$(inherited)",
					"\"$(SRCROOT)\"",
				);
				GCC_PRECOMPILE_PREFIX_HEADER = YES;
				GCC_PREFIX_HEADER = "WinterKFinalProject/WinterKFinalProject-Prefix.pch";
				INFOPLIST_FILE = "WinterKFinalProject/WinterKFinalProject-Info.plist";
				PODS_BUILD_HEADERS_SEARCH_PATHS = "";
				PODS_HEADERS_SEARCH_PATHS = "";
				PODS_PUBLIC_HEADERS_SEARCH_PATHS = "";
				PODS_ROOT = "";
				PRODUCT_NAME = "$(TARGET_NAME)";
				WRAPPER_EXTENSION = app;
			};
			name = Release;
		};
/* End XCBuildConfiguration section */

/* Begin XCConfigurationList section */
		46AA1DF2175110A5003F60C5 /* Build configuration list for PBXProject "WinterKFinalProject" */ = {
			isa = XCConfigurationList;
			buildConfigurations = (
				46AA1E26175110A6003F60C5 /* Debug */,
				46AA1E27175110A6003F60C5 /* Release */,
			);
			defaultConfigurationIsVisible = 0;
			defaultConfigurationName = Release;
		};
		46AA1E28175110A6003F60C5 /* Build configuration list for PBXNativeTarget "WinterKFinalProject" */ = {
			isa = XCConfigurationList;
			buildConfigurations = (
				46AA1E29175110A6003F60C5 /* Debug */,
				46AA1E2A175110A6003F60C5 /* Release */,
			);
			defaultConfigurationIsVisible = 0;
			defaultConfigurationName = Release;
		};
/* End XCConfigurationList section */
	};
	rootObject = 46AA1DEF175110A5003F60C5 /* Project object */;
}
